PODS:
  - Flutter (1.0.0)
  - flutter_keyboard_visibility (0.0.1):
    - Flutter
  - package_info_plus (0.4.5):
    - Flutter
  - pointer_interceptor_ios (0.0.1):
    - Flutter

DEPENDENCIES:
  - Flutter (from `Flutter`)
  - flutter_keyboard_visibility (from `.symlinks/plugins/flutter_keyboard_visibility/ios`)
  - package_info_plus (from `.symlinks/plugins/package_info_plus/ios`)
  - pointer_interceptor_ios (from `.symlinks/plugins/pointer_interceptor_ios/ios`)

EXTERNAL SOURCES:
  Flutter:
    :path: Flutter
  flutter_keyboard_visibility:
    :path: ".symlinks/plugins/flutter_keyboard_visibility/ios"
  package_info_plus:
    :path: ".symlinks/plugins/package_info_plus/ios"
  pointer_interceptor_ios:
    :path: ".symlinks/plugins/pointer_interceptor_ios/ios"

SPEC CHECKSUMS:
  Flutter: cabc95a1d2626b1b06e7179b784ebcf0c0cde467
  flutter_keyboard_visibility: 4625131e43015dbbe759d9b20daaf77e0e3f6619
  package_info_plus: af8e2ca6888548050f16fa2f1938db7b5a5df499
  pointer_interceptor_ios: da06a662d5bfd329602b45b2ab41bc0fb5fdb0f0

PODFILE CHECKSUM: cc1f88378b4bfcf93a6ce00d2c587857c6008d3b

COCOAPODS: 1.16.2
