PODS:
  - Flutter (1.0.0)
  - flutter_keyboard_visibility (0.0.1):
    - Flutter
  - flutter_platform_alert (0.0.1):
    - Flutter
  - package_info_plus (0.4.5):
    - Flutter
  - pointer_interceptor_ios (0.0.1):
    - Flutter
  - shared_preferences_foundation (0.0.1):
    - Flutter
    - FlutterMacOS

DEPENDENCIES:
  - Flutter (from `Flutter`)
  - flutter_keyboard_visibility (from `.symlinks/plugins/flutter_keyboard_visibility/ios`)
  - flutter_platform_alert (from `.symlinks/plugins/flutter_platform_alert/ios`)
  - package_info_plus (from `.symlinks/plugins/package_info_plus/ios`)
  - pointer_interceptor_ios (from `.symlinks/plugins/pointer_interceptor_ios/ios`)
  - shared_preferences_foundation (from `.symlinks/plugins/shared_preferences_foundation/darwin`)

EXTERNAL SOURCES:
  Flutter:
    :path: Flutter
  flutter_keyboard_visibility:
    :path: ".symlinks/plugins/flutter_keyboard_visibility/ios"
  flutter_platform_alert:
    :path: ".symlinks/plugins/flutter_platform_alert/ios"
  package_info_plus:
    :path: ".symlinks/plugins/package_info_plus/ios"
  pointer_interceptor_ios:
    :path: ".symlinks/plugins/pointer_interceptor_ios/ios"
  shared_preferences_foundation:
    :path: ".symlinks/plugins/shared_preferences_foundation/darwin"

SPEC CHECKSUMS:
  Flutter: cabc95a1d2626b1b06e7179b784ebcf0c0cde467
  flutter_keyboard_visibility: 4625131e43015dbbe759d9b20daaf77e0e3f6619
  flutter_platform_alert: bf3b5fcd4ac14bd637e20527e9c471633071afd3
  package_info_plus: af8e2ca6888548050f16fa2f1938db7b5a5df499
  pointer_interceptor_ios: 9cc4cb6c477f53356429d72c1ec7a05e05942048
  shared_preferences_foundation: 7036424c3d8ec98dfe75ff1667cb0cd531ec82bb

PODFILE CHECKSUM: 0dbd5a87e0ace00c9610d2037ac22083a01f861d

COCOAPODS: 1.16.2
